
Microsoft Visual Studio Solution File, Format Version 12.00
Project("{FAE04EC0-301F-11D3-BF4B-00C04F79EFBC}") = "KodeKloudApp", "KodeKloudApp.csproj", "{A3D4ACC9-C461-49B6-8C85-72AADC617570}"
EndProject
Global
	GlobalSection(SolutionConfigurationPlatforms) = preSolution
		Debug|Any CPU = Debug|Any CPU
		Release|Any CPU = Release|Any CPU
	EndGlobalSection
	GlobalSection(ProjectConfigurationPlatforms) = postSolution
		{A3D4ACC9-C461-49B6-8C85-72AADC617570}.Debug|Any CPU.ActiveCfg = Debug|Any CPU
		{A3D4ACC9-C461-49B6-8C85-72AADC617570}.Debug|Any CPU.Build.0 = Debug|Any CPU
		{A3D4ACC9-C461-49B6-8C85-72AADC617570}.Release|Any CPU.ActiveCfg = Release|Any CPU
		{A3D4ACC9-C461-49B6-8C85-72AADC617570}.Release|Any CPU.Build.0 = Release|Any CPU
	EndGlobalSection
EndGlobal
